
Microsoft Visual Studio Solution File, Format Version 12.00
# Visual Studio Version 17
VisualStudioVersion = 17.6.33829.357
MinimumVisualStudioVersion = 10.0.40219.1
Project("{FAE04EC0-301F-11D3-BF4B-00C04F79EFBC}") = "FirstApp", "FirstApp\FirstApp.csproj", "{48BDB8A3-51A1-4BC7-8E16-54DA96E4DBDA}"
EndProject
Global
	GlobalSection(SolutionConfigurationPlatforms) = preSolution
		Debug|Any CPU = Debug|Any CPU
		Release|Any CPU = Release|Any CPU
	EndGlobalSection
	GlobalSection(ProjectConfigurationPlatforms) = postSolution
		{48BDB8A3-51A1-4BC7-8E16-54DA96E4DBDA}.Debug|Any CPU.ActiveCfg = Debug|Any CPU
		{48BDB8A3-51A1-4BC7-8E16-54DA96E4DBDA}.Debug|Any CPU.Build.0 = Debug|Any CPU
		{48BDB8A3-51A1-4BC7-8E16-54DA96E4DBDA}.Release|Any CPU.ActiveCfg = Release|Any CPU
		{48BDB8A3-51A1-4BC7-8E16-54DA96E4DBDA}.Release|Any CPU.Build.0 = Release|Any CPU
	EndGlobalSection
	GlobalSection(SolutionProperties) = preSolution
		HideSolutionNode = FALSE
	EndGlobalSection
	GlobalSection(ExtensibilityGlobals) = postSolution
		SolutionGuid = {F796FE76-D424-46B6-AD11-AE4E8391EEB5}
	EndGlobalSection
EndGlobal
