
Microsoft Visual Studio Solution File, Format Version 12.00
# Visual Studio Version 17
VisualStudioVersion = 17.6.33829.357
MinimumVisualStudioVersion = 10.0.40219.1
Project("{FAE04EC0-301F-11D3-BF4B-00C04F79EFBC}") = "EmployeeDirectoryApi.ContractTests", "EmployeeDirectoryApi.ContractTests\EmployeeDirectoryApi.ContractTests.csproj", "{3E2EA46A-3916-421B-A785-734F8B8AE5E8}"
EndProject
Project("{FAE04EC0-301F-11D3-BF4B-00C04F79EFBC}") = "EmployeeDirectoryApi", "EmployeeDirectoryApi\EmployeeDirectoryApi.csproj", "{9B364995-8651-4B61-8EC7-2EFA23CD3185}"
EndProject
Project("{FAE04EC0-301F-11D3-BF4B-00C04F79EFBC}") = "EmployeeDirectoryApi.UnitTests", "EmployeeDirectoryApi.UnitTests\EmployeeDirectoryApi.UnitTests.csproj", "{195C8129-2578-4ADC-BC84-FB31F89C0742}"
EndProject
Global
	GlobalSection(SolutionConfigurationPlatforms) = preSolution
		Debug|Any CPU = Debug|Any CPU
		Release|Any CPU = Release|Any CPU
	EndGlobalSection
	GlobalSection(ProjectConfigurationPlatforms) = postSolution
		{3E2EA46A-3916-421B-A785-734F8B8AE5E8}.Debug|Any CPU.ActiveCfg = Debug|Any CPU
		{3E2EA46A-3916-421B-A785-734F8B8AE5E8}.Debug|Any CPU.Build.0 = Debug|Any CPU
		{3E2EA46A-3916-421B-A785-734F8B8AE5E8}.Release|Any CPU.ActiveCfg = Release|Any CPU
		{3E2EA46A-3916-421B-A785-734F8B8AE5E8}.Release|Any CPU.Build.0 = Release|Any CPU
		{9B364995-8651-4B61-8EC7-2EFA23CD3185}.Debug|Any CPU.ActiveCfg = Debug|Any CPU
		{9B364995-8651-4B61-8EC7-2EFA23CD3185}.Debug|Any CPU.Build.0 = Debug|Any CPU
		{9B364995-8651-4B61-8EC7-2EFA23CD3185}.Release|Any CPU.ActiveCfg = Release|Any CPU
		{9B364995-8651-4B61-8EC7-2EFA23CD3185}.Release|Any CPU.Build.0 = Release|Any CPU
		{195C8129-2578-4ADC-BC84-FB31F89C0742}.Debug|Any CPU.ActiveCfg = Debug|Any CPU
		{195C8129-2578-4ADC-BC84-FB31F89C0742}.Debug|Any CPU.Build.0 = Debug|Any CPU
		{195C8129-2578-4ADC-BC84-FB31F89C0742}.Release|Any CPU.ActiveCfg = Release|Any CPU
		{195C8129-2578-4ADC-BC84-FB31F89C0742}.Release|Any CPU.Build.0 = Release|Any CPU
	EndGlobalSection
	GlobalSection(SolutionProperties) = preSolution
		HideSolutionNode = FALSE
	EndGlobalSection
	GlobalSection(ExtensibilityGlobals) = postSolution
		SolutionGuid = {F46E443B-C21A-4815-9C09-76ADC81FED6E}
	EndGlobalSection
EndGlobal
